<?xml version="1.0" encoding="utf-8"?>
<Project ToolsVersion="4.0" xmlns="http://schemas.microsoft.com/developer/msbuild/2003">
  <ItemGroup>
    <Filter Include="Source Files">
      <UniqueIdentifier>{4FC737F1-C7A5-4376-A066-2A32D752A2FF}</UniqueIdentifier>
      <Extensions>cpp;c;cc;cxx;def;odl;idl;hpj;bat;asm;asmx</Extensions>
    </Filter>
    <Filter Include="Header Files">
      <UniqueIdentifier>{93995380-89BD-4b04-88EB-625FBE52EBFB}</UniqueIdentifier>
      <Extensions>h;hpp;hxx;hm;inl;inc;xsd</Extensions>
    </Filter>
    <Filter Include="Resource Files">
      <UniqueIdentifier>{67DA6AB6-F800-4c08-8B7A-83BB121AAD01}</UniqueIdentifier>
      <Extensions>rc;ico;cur;bmp;dlg;rc2;rct;bin;rgs;gif;jpg;jpeg;jpe;resx;tiff;tif;png;wav;mfcribbon-ms</Extensions>
    </Filter>
  </ItemGroup>
  <ItemGroup>
    <Image Include="..\..\..\..\GitHub\TDE_FYP\2D_Engine\test.jpeg">
      <Filter>Resource Files</Filter>
    </Image>
    <Image Include="..\..\..\..\GitHub\TDE_FYP\2D_Engine\WindWaker.jpg">
      <Filter>Resource Files</Filter>
    </Image>
  </ItemGroup>
  <ItemGroup>
    <ClInclude Include="TDE_Font.h">
      <Filter>Header Files</Filter>
    </ClInclude>
    <ClInclude Include="TDEColor.h">
      <Filter>Header Files</Filter>
    </ClInclude>
    <ClInclude Include="TDEGraphics.h">
      <Filter>Header Files</Filter>
    </ClInclude>
    <ClInclude Include="TDEImage.h">
      <Filter>Header Files</Filter>
    </ClInclude>
    <ClInclude Include="TDERandomGen.h">
      <Filter>Header Files</Filter>
    </ClInclude>
    <ClInclude Include="Texture.h">
      <Filter>Header Files</Filter>
    </ClInclude>
    <ClInclude Include="TextureManager.h">
      <Filter>Header Files</Filter>
    </ClInclude>
    <ClInclude Include="Timer.h">
      <Filter>Header Files</Filter>
    </ClInclude>
    <ClInclude Include="Widget.h">
      <Filter>Header Files</Filter>
    </ClInclude>
    <ClInclude Include="CommonClasses.h">
      <Filter>Header Files</Filter>
    </ClInclude>
    <ClInclude Include="FontManager.h">
      <Filter>Header Files</Filter>
    </ClInclude>
    <ClInclude Include="Includes.h">
      <Filter>Header Files</Filter>
    </ClInclude>
    <ClInclude Include="InputKeys.h">
      <Filter>Header Files</Filter>
    </ClInclude>
    <ClInclude Include="InputManager.h">
      <Filter>Header Files</Filter>
    </ClInclude>
    <ClInclude Include="InputObserver.h">
      <Filter>Header Files</Filter>
    </ClInclude>
    <ClInclude Include="InputSubject.h">
      <Filter>Header Files</Filter>
    </ClInclude>
    <ClInclude Include="MouseSubject.h">
      <Filter>Header Files</Filter>
    </ClInclude>
    <ClInclude Include="ParentWidget.h">
      <Filter>Header Files</Filter>
    </ClInclude>
    <ClInclude Include="RootWidget.h">
      <Filter>Header Files</Filter>
    </ClInclude>
    <ClInclude Include="TDE_Music.h">
      <Filter>Header Files</Filter>
    </ClInclude>
    <ClInclude Include="AudioFile.h">
      <Filter>Header Files</Filter>
    </ClInclude>
    <ClInclude Include="TDE_Sound.h">
      <Filter>Header Files</Filter>
    </ClInclude>
    <ClInclude Include="AudioManager.h">
      <Filter>Header Files</Filter>
    </ClInclude>
    <ClInclude Include="TDE_Animation.h">
      <Filter>Header Files</Filter>
    </ClInclude>
    <ClInclude Include="AnimationManager.h">
      <Filter>Header Files</Filter>
    </ClInclude>
    <ClInclude Include="TDE_Engine.h">
      <Filter>Header Files</Filter>
    </ClInclude>
    <ClInclude Include="ButtonWidget.h">
      <Filter>Header Files</Filter>
    </ClInclude>
  </ItemGroup>
  <ItemGroup>
    <ClCompile Include="TDE_Font.cpp">
      <Filter>Source Files</Filter>
    </ClCompile>
    <ClCompile Include="TDEColor.cpp">
      <Filter>Source Files</Filter>
    </ClCompile>
    <ClCompile Include="TDEGraphics.cpp">
      <Filter>Source Files</Filter>
    </ClCompile>
    <ClCompile Include="TDEImage.cpp">
      <Filter>Source Files</Filter>
    </ClCompile>
    <ClCompile Include="TDERandomGen.cpp">
      <Filter>Source Files</Filter>
    </ClCompile>
    <ClCompile Include="Texture.cpp">
      <Filter>Source Files</Filter>
    </ClCompile>
    <ClCompile Include="TextureManager.cpp">
      <Filter>Source Files</Filter>
    </ClCompile>
    <ClCompile Include="Timer.cpp">
      <Filter>Source Files</Filter>
    </ClCompile>
    <ClCompile Include="Widget.cpp">
      <Filter>Source Files</Filter>
    </ClCompile>
    <ClCompile Include="InputManager.cpp">
      <Filter>Source Files</Filter>
    </ClCompile>
    <ClCompile Include="InputObserver.cpp">
      <Filter>Source Files</Filter>
    </ClCompile>
    <ClCompile Include="InputSubject.cpp">
      <Filter>Source Files</Filter>
    </ClCompile>
    <ClCompile Include="ParentWidget.cpp">
      <Filter>Source Files</Filter>
    </ClCompile>
    <ClCompile Include="RootWidget.cpp">
      <Filter>Source Files</Filter>
    </ClCompile>
    <ClCompile Include="FontManager.cpp">
      <Filter>Source Files</Filter>
    </ClCompile>
    <ClCompile Include="TDE_Music.cpp">
      <Filter>Source Files</Filter>
    </ClCompile>
    <ClCompile Include="TDE_Sound.cpp">
      <Filter>Source Files</Filter>
    </ClCompile>
    <ClCompile Include="AudioManager.cpp">
      <Filter>Source Files</Filter>
    </ClCompile>
    <ClCompile Include="TDE_Animation.cpp">
      <Filter>Source Files</Filter>
    </ClCompile>
    <ClCompile Include="AnimationManager.cpp">
      <Filter>Source Files</Filter>
    </ClCompile>
    <ClCompile Include="TDE_Engine.cpp">
      <Filter>Source Files</Filter>
    </ClCompile>
    <ClCompile Include="ButtonWidget.cpp">
      <Filter>Source Files</Filter>
    </ClCompile>
  </ItemGroup>
  <ItemGroup>
    <Font Include="GOTHIC.TTF">
      <Filter>Resource Files</Filter>
    </Font>
  </ItemGroup>
  <ItemGroup>
    <Media Include="yay_z.wav">
      <Filter>Resource Files</Filter>
    </Media>
    <Media Include="bloop_x.wav">
      <Filter>Resource Files</Filter>
    </Media>
    <Media Include="ricochet_x.wav">
      <Filter>Resource Files</Filter>
    </Media>
    <Media Include="zipper.wav">
      <Filter>Resource Files</Filter>
    </Media>
    <Media Include="Supremacy.mp3">
      <Filter>Resource Files</Filter>
    </Media>
  </ItemGroup>
</Project>